// !$*UTF8*$!
{
	archiveVersion = 1;
	classes = {
	};
	objectVersion = 48;
	objects = {

/* Begin PBXBuildFile section */
		8757CB321FBADC0900105727 /* DownloadHelper.swift in Sources */ = {isa = PBXBuildFile; fileRef = 8757CB311FBADC0900105727 /* DownloadHelper.swift */; };
		87C557EF1FB9A42700A70A10 /* AppDelegate.swift in Sources */ = {isa = PBXBuildFile; fileRef = 87C557EE1FB9A42700A70A10 /* AppDelegate.swift */; };
		87C557F11FB9A42700A70A10 /* ViewController.swift in Sources */ = {isa = PBXBuildFile; fileRef = 87C557F01FB9A42700A70A10 /* ViewController.swift */; };
		87C557F41FB9A42700A70A10 /* Main.storyboard in Resources */ = {isa = PBXBuildFile; fileRef = 87C557F21FB9A42700A70A10 /* Main.storyboard */; };
		87C557F61FB9A42700A70A10 /* Assets.xcassets in Resources */ = {isa = PBXBuildFile; fileRef = 87C557F51FB9A42700A70A10 /* Assets.xcassets */; };
		87C557F91FB9A42700A70A10 /* LaunchScreen.storyboard in Resources */ = {isa = PBXBuildFile; fileRef = 87C557F71FB9A42700A70A10 /* LaunchScreen.storyboard */; };
		87C558011FBA848900A70A10 /* UICollectionViewExpand.swift in Sources */ = {isa = PBXBuildFile; fileRef = 87C558001FBA848900A70A10 /* UICollectionViewExpand.swift */; };
		87C5580E1FBAAFC900A70A10 /* content_page.json in Resources */ = {isa = PBXBuildFile; fileRef = 87C558051FBAA87300A70A10 /* content_page.json */; };
		B19A483A1FB9B2BD00970A2D /* Default-568h@2x.png in Resources */ = {isa = PBXBuildFile; fileRef = B19A48391FB9B2BD00970A2D /* Default-568h@2x.png */; };
		B19A48441FB9B6B100970A2D /* ProgramEntity.swift in Sources */ = {isa = PBXBuildFile; fileRef = B19A48431FB9B6B100970A2D /* ProgramEntity.swift */; };
		B19A48471FB9B82800970A2D /* DateHelper.swift in Sources */ = {isa = PBXBuildFile; fileRef = B19A48461FB9B82800970A2D /* DateHelper.swift */; };
		B19A48491FB9B8D700970A2D /* ChannelEntity.swift in Sources */ = {isa = PBXBuildFile; fileRef = B19A48481FB9B8D700970A2D /* ChannelEntity.swift */; };
		B19A484C1FB9BA3000970A2D /* CollectionCustomCell.swift in Sources */ = {isa = PBXBuildFile; fileRef = B19A484B1FB9BA3000970A2D /* CollectionCustomCell.swift */; };
		B19A484E1FB9BA9200970A2D /* ExtensionHelper.swift in Sources */ = {isa = PBXBuildFile; fileRef = B19A484D1FB9BA9200970A2D /* ExtensionHelper.swift */; };
		B19A48501FB9BEC700970A2D /* TemplateData.swift in Sources */ = {isa = PBXBuildFile; fileRef = B19A484F1FB9BEC700970A2D /* TemplateData.swift */; };
/* End PBXBuildFile section */

/* Begin PBXFileReference section */
		8757CB311FBADC0900105727 /* DownloadHelper.swift */ = {isa = PBXFileReference; lastKnownFileType = sourcecode.swift; path = DownloadHelper.swift; sourceTree = "<group>"; };
		87C557EB1FB9A42700A70A10 /* SectionInfoTimeBar.app */ = {isa = PBXFileReference; explicitFileType = wrapper.application; includeInIndex = 0; path = SectionInfoTimeBar.app; sourceTree = BUILT_PRODUCTS_DIR; };
		87C557EE1FB9A42700A70A10 /* AppDelegate.swift */ = {isa = PBXFileReference; lastKnownFileType = sourcecode.swift; path = AppDelegate.swift; sourceTree = "<group>"; };
		87C557F01FB9A42700A70A10 /* ViewController.swift */ = {isa = PBXFileReference; lastKnownFileType = sourcecode.swift; path = ViewController.swift; sourceTree = "<group>"; };
		87C557F31FB9A42700A70A10 /* Base */ = {isa = PBXFileReference; lastKnownFileType = file.storyboard; name = Base; path = Base.lproj/Main.storyboard; sourceTree = "<group>"; };
		87C557F51FB9A42700A70A10 /* Assets.xcassets */ = {isa = PBXFileReference; lastKnownFileType = folder.assetcatalog; path = Assets.xcassets; sourceTree = "<group>"; };
		87C557F81FB9A42700A70A10 /* Base */ = {isa = PBXFileReference; lastKnownFileType = file.storyboard; name = Base; path = Base.lproj/LaunchScreen.storyboard; sourceTree = "<group>"; };
		87C557FA1FB9A42700A70A10 /* Info.plist */ = {isa = PBXFileReference; lastKnownFileType = text.plist.xml; path = Info.plist; sourceTree = "<group>"; };
		87C558001FBA848900A70A10 /* UICollectionViewExpand.swift */ = {isa = PBXFileReference; lastKnownFileType = sourcecode.swift; path = UICollectionViewExpand.swift; sourceTree = "<group>"; };
		87C558051FBAA87300A70A10 /* content_page.json */ = {isa = PBXFileReference; lastKnownFileType = text.json; path = content_page.json; sourceTree = "<group>"; };
		B19A48391FB9B2BD00970A2D /* Default-568h@2x.png */ = {isa = PBXFileReference; lastKnownFileType = image.png; path = "Default-568h@2x.png"; sourceTree = "<group>"; };
		B19A48431FB9B6B100970A2D /* ProgramEntity.swift */ = {isa = PBXFileReference; lastKnownFileType = sourcecode.swift; path = ProgramEntity.swift; sourceTree = "<group>"; };
		B19A48461FB9B82800970A2D /* DateHelper.swift */ = {isa = PBXFileReference; lastKnownFileType = sourcecode.swift; path = DateHelper.swift; sourceTree = "<group>"; };
		B19A48481FB9B8D700970A2D /* ChannelEntity.swift */ = {isa = PBXFileReference; lastKnownFileType = sourcecode.swift; path = ChannelEntity.swift; sourceTree = "<group>"; };
		B19A484B1FB9BA3000970A2D /* CollectionCustomCell.swift */ = {isa = PBXFileReference; lastKnownFileType = sourcecode.swift; path = CollectionCustomCell.swift; sourceTree = "<group>"; };
		B19A484D1FB9BA9200970A2D /* ExtensionHelper.swift */ = {isa = PBXFileReference; lastKnownFileType = sourcecode.swift; path = ExtensionHelper.swift; sourceTree = "<group>"; };
		B19A484F1FB9BEC700970A2D /* TemplateData.swift */ = {isa = PBXFileReference; lastKnownFileType = sourcecode.swift; path = TemplateData.swift; sourceTree = "<group>"; };
/* End PBXFileReference section */

/* Begin PBXFrameworksBuildPhase section */
		87C557E81FB9A42700A70A10 /* Frameworks */ = {
			isa = PBXFrameworksBuildPhase;
			buildActionMask = 2147483647;
			files = (
			);
			runOnlyForDeploymentPostprocessing = 0;
		};
/* End PBXFrameworksBuildPhase section */

/* Begin PBXGroup section */
		87C557E21FB9A42700A70A10 = {
			isa = PBXGroup;
			children = (
				B19A48391FB9B2BD00970A2D /* Default-568h@2x.png */,
				87C557ED1FB9A42700A70A10 /* SectionInfoTimeBar */,
				87C557EC1FB9A42700A70A10 /* Products */,
			);
			sourceTree = "<group>";
		};
		87C557EC1FB9A42700A70A10 /* Products */ = {
			isa = PBXGroup;
			children = (
				87C557EB1FB9A42700A70A10 /* SectionInfoTimeBar.app */,
			);
			name = Products;
			sourceTree = "<group>";
		};
		87C557ED1FB9A42700A70A10 /* SectionInfoTimeBar */ = {
			isa = PBXGroup;
			children = (
				87C5580D1FBAAAEB00A70A10 /* Uitilities */,
				87C5580B1FBAAAC600A70A10 /* View */,
				87C558061FBAAA7900A70A10 /* Service */,
				B19A48411FB9B4B800970A2D /* Controller */,
				B19A483D1FB9B35F00970A2D /* Entity */,
				B19A483B1FB9B34000970A2D /* Supported Files */,
			);
			path = SectionInfoTimeBar;
			sourceTree = "<group>";
		};
		87C558061FBAAA7900A70A10 /* Service */ = {
			isa = PBXGroup;
			children = (
				B19A484F1FB9BEC700970A2D /* TemplateData.swift */,
			);
			name = Service;
			sourceTree = "<group>";
		};
		87C5580B1FBAAAC600A70A10 /* View */ = {
			isa = PBXGroup;
			children = (
				87C558001FBA848900A70A10 /* UICollectionViewExpand.swift */,
				B19A484B1FB9BA3000970A2D /* CollectionCustomCell.swift */,
			);
			name = View;
			sourceTree = "<group>";
		};
		87C5580D1FBAAAEB00A70A10 /* Uitilities */ = {
			isa = PBXGroup;
			children = (
				B19A48461FB9B82800970A2D /* DateHelper.swift */,
				B19A484D1FB9BA9200970A2D /* ExtensionHelper.swift */,
				8757CB311FBADC0900105727 /* DownloadHelper.swift */,
			);
			name = Uitilities;
			sourceTree = "<group>";
		};
		B19A483B1FB9B34000970A2D /* Supported Files */ = {
			isa = PBXGroup;
			children = (
				87C557FA1FB9A42700A70A10 /* Info.plist */,
				87C557EE1FB9A42700A70A10 /* AppDelegate.swift */,
				87C557F51FB9A42700A70A10 /* Assets.xcassets */,
				87C558051FBAA87300A70A10 /* content_page.json */,
				87C557F71FB9A42700A70A10 /* LaunchScreen.storyboard */,
				87C557F21FB9A42700A70A10 /* Main.storyboard */,
			);
			name = "Supported Files";
			sourceTree = "<group>";
		};
		B19A483D1FB9B35F00970A2D /* Entity */ = {
			isa = PBXGroup;
			children = (
				B19A48431FB9B6B100970A2D /* ProgramEntity.swift */,
				B19A48481FB9B8D700970A2D /* ChannelEntity.swift */,
			);
			name = Entity;
			sourceTree = "<group>";
		};
		B19A48411FB9B4B800970A2D /* Controller */ = {
			isa = PBXGroup;
			children = (
				87C557F01FB9A42700A70A10 /* ViewController.swift */,
			);
			name = Controller;
			sourceTree = "<group>";
		};
/* End PBXGroup section */

/* Begin PBXNativeTarget section */
		87C557EA1FB9A42700A70A10 /* SectionInfoTimeBar */ = {
			isa = PBXNativeTarget;
			buildConfigurationList = 87C557FD1FB9A42700A70A10 /* Build configuration list for PBXNativeTarget "SectionInfoTimeBar" */;
			buildPhases = (
				87C557E71FB9A42700A70A10 /* Sources */,
				87C557E81FB9A42700A70A10 /* Frameworks */,
				87C557E91FB9A42700A70A10 /* Resources */,
			);
			buildRules = (
			);
			dependencies = (
			);
			name = SectionInfoTimeBar;
			productName = SectionInfoTimeBar;
			productReference = 87C557EB1FB9A42700A70A10 /* SectionInfoTimeBar.app */;
			productType = "com.apple.product-type.application";
		};
/* End PBXNativeTarget section */

/* Begin PBXProject section */
		87C557E31FB9A42700A70A10 /* Project object */ = {
			isa = PBXProject;
			attributes = {
				LastSwiftUpdateCheck = 0900;
				LastUpgradeCheck = 0900;
				ORGANIZATIONNAME = "Phi Tuoc Nguyen Van";
				TargetAttributes = {
					87C557EA1FB9A42700A70A10 = {
						CreatedOnToolsVersion = 9.0;
						ProvisioningStyle = Automatic;
					};
				};
			};
			buildConfigurationList = 87C557E61FB9A42700A70A10 /* Build configuration list for PBXProject "SectionInfoTimeBar" */;
			compatibilityVersion = "Xcode 8.0";
			developmentRegion = en;
			hasScannedForEncodings = 0;
			knownRegions = (
				en,
				Base,
			);
			mainGroup = 87C557E21FB9A42700A70A10;
			productRefGroup = 87C557EC1FB9A42700A70A10 /* Products */;
			projectDirPath = "";
			projectRoot = "";
			targets = (
				87C557EA1FB9A42700A70A10 /* SectionInfoTimeBar */,
			);
		};
/* End PBXProject section */

/* Begin PBXResourcesBuildPhase section */
		87C557E91FB9A42700A70A10 /* Resources */ = {
			isa = PBXResourcesBuildPhase;
			buildActionMask = 2147483647;
			files = (
				87C5580E1FBAAFC900A70A10 /* content_page.json in Resources */,
				87C557F91FB9A42700A70A10 /* LaunchScreen.storyboard in Resources */,
				B19A483A1FB9B2BD00970A2D /* Default-568h@2x.png in Resources */,
				87C557F61FB9A42700A70A10 /* Assets.xcassets in Resources */,
				87C557F41FB9A42700A70A10 /* Main.storyboard in Resources */,
			);
			runOnlyForDeploymentPostprocessing = 0;
		};
/* End PBXResourcesBuildPhase section */

/* Begin PBXSourcesBuildPhase section */
		87C557E71FB9A42700A70A10 /* Sources */ = {
			isa = PBXSourcesBuildPhase;
			buildActionMask = 2147483647;
			files = (
				87C557F11FB9A42700A70A10 /* ViewController.swift in Sources */,
				B19A48471FB9B82800970A2D /* DateHelper.swift in Sources */,
				87C558011FBA848900A70A10 /* UICollectionViewExpand.swift in Sources */,
				B19A484E1FB9BA9200970A2D /* ExtensionHelper.swift in Sources */,
				B19A48501FB9BEC700970A2D /* TemplateData.swift in Sources */,
				87C557EF1FB9A42700A70A10 /* AppDelegate.swift in Sources */,
				B19A48441FB9B6B100970A2D /* ProgramEntity.swift in Sources */,
				B19A484C1FB9BA3000970A2D /* CollectionCustomCell.swift in Sources */,
				B19A48491FB9B8D700970A2D /* ChannelEntity.swift in Sources */,
				8757CB321FBADC0900105727 /* DownloadHelper.swift in Sources */,
			);
			runOnlyForDeploymentPostprocessing = 0;
		};
/* End PBXSourcesBuildPhase section */

/* Begin PBXVariantGroup section */
		87C557F21FB9A42700A70A10 /* Main.storyboard */ = {
			isa = PBXVariantGroup;
			children = (
				87C557F31FB9A42700A70A10 /* Base */,
			);
			name = Main.storyboard;
			sourceTree = "<group>";
		};
		87C557F71FB9A42700A70A10 /* LaunchScreen.storyboard */ = {
			isa = PBXVariantGroup;
			children = (
				87C557F81FB9A42700A70A10 /* Base */,
			);
			name = LaunchScreen.storyboard;
			sourceTree = "<group>";
		};
/* End PBXVariantGroup section */

/* Begin XCBuildConfiguration section */
		87C557FB1FB9A42700A70A10 /* Debug */ = {
			isa = XCBuildConfiguration;
			buildSettings = {
				ALWAYS_SEARCH_USER_PATHS = NO;
				CLANG_ANALYZER_NONNULL = YES;
				CLANG_ANALYZER_NUMBER_OBJECT_CONVERSION = YES_AGGRESSIVE;
				CLANG_CXX_LANGUAGE_STANDARD = "gnu++14";
				CLANG_CXX_LIBRARY = "libc++";
				CLANG_ENABLE_MODULES = YES;
				CLANG_ENABLE_OBJC_ARC = YES;
				CLANG_WARN_BLOCK_CAPTURE_AUTORELEASING = YES;
				CLANG_WARN_BOOL_CONVERSION = YES;
				CLANG_WARN_COMMA = YES;
				CLANG_WARN_CONSTANT_CONVERSION = YES;
				CLANG_WARN_DIRECT_OBJC_ISA_USAGE = YES_ERROR;
				CLANG_WARN_DOCUMENTATION_COMMENTS = YES;
				CLANG_WARN_EMPTY_BODY = YES;
				CLANG_WARN_ENUM_CONVERSION = YES;
				CLANG_WARN_INFINITE_RECURSION = YES;
				CLANG_WARN_INT_CONVERSION = YES;
				CLANG_WARN_NON_LITERAL_NULL_CONVERSION = YES;
				CLANG_WARN_OBJC_LITERAL_CONVERSION = YES;
				CLANG_WARN_OBJC_ROOT_CLASS = YES_ERROR;
				CLANG_WARN_RANGE_LOOP_ANALYSIS = YES;
				CLANG_WARN_STRICT_PROTOTYPES = YES;
				CLANG_WARN_SUSPICIOUS_MOVE = YES;
				CLANG_WARN_UNGUARDED_AVAILABILITY = YES_AGGRESSIVE;
				CLANG_WARN_UNREACHABLE_CODE = YES;
				CLANG_WARN__DUPLICATE_METHOD_MATCH = YES;
				CODE_SIGN_IDENTITY = "iPhone Developer";
				COPY_PHASE_STRIP = NO;
				DEBUG_INFORMATION_FORMAT = dwarf;
				ENABLE_STRICT_OBJC_MSGSEND = YES;
				ENABLE_TESTABILITY = YES;
				GCC_C_LANGUAGE_STANDARD = gnu11;
				GCC_DYNAMIC_NO_PIC = NO;
				GCC_NO_COMMON_BLOCKS = YES;
				GCC_OPTIMIZATION_LEVEL = 0;
				GCC_PREPROCESSOR_DEFINITIONS = (
					"DEBUG=1",
					"$(inherited)",
				);
				GCC_WARN_64_TO_32_BIT_CONVERSION = YES;
				GCC_WARN_ABOUT_RETURN_TYPE = YES_ERROR;
				GCC_WARN_UNDECLARED_SELECTOR = YES;
				GCC_WARN_UNINITIALIZED_AUTOS = YES_AGGRESSIVE;
				GCC_WARN_UNUSED_FUNCTION = YES;
				GCC_WARN_UNUSED_VARIABLE = YES;
				IPHONEOS_DEPLOYMENT_TARGET = 11.0;
				MTL_ENABLE_DEBUG_INFO = YES;
				ONLY_ACTIVE_ARCH = YES;
				SDKROOT = iphoneos;
				SWIFT_ACTIVE_COMPILATION_CONDITIONS = DEBUG;
				SWIFT_OPTIMIZATION_LEVEL = "-Onone";
			};
			name = Debug;
		};
		87C557FC1FB9A42700A70A10 /* Release */ = {
			isa = XCBuildConfiguration;
			buildSettings = {
				ALWAYS_SEARCH_USER_PATHS = NO;
				CLANG_ANALYZER_NONNULL = YES;
				CLANG_ANALYZER_NUMBER_OBJECT_CONVERSION = YES_AGGRESSIVE;
				CLANG_CXX_LANGUAGE_STANDARD = "gnu++14";
				CLANG_CXX_LIBRARY = "libc++";
				CLANG_ENABLE_MODULES = YES;
				CLANG_ENABLE_OBJC_ARC = YES;
				CLANG_WARN_BLOCK_CAPTURE_AUTORELEASING = YES;
				CLANG_WARN_BOOL_CONVERSION = YES;
				CLANG_WARN_COMMA = YES;
				CLANG_WARN_CONSTANT_CONVERSION = YES;
				CLANG_WARN_DIRECT_OBJC_ISA_USAGE = YES_ERROR;
				CLANG_WARN_DOCUMENTATION_COMMENTS = YES;
				CLANG_WARN_EMPTY_BODY = YES;
				CLANG_WARN_ENUM_CONVERSION = YES;
				CLANG_WARN_INFINITE_RECURSION = YES;
				CLANG_WARN_INT_CONVERSION = YES;
				CLANG_WARN_NON_LITERAL_NULL_CONVERSION = YES;
				CLANG_WARN_OBJC_LITERAL_CONVERSION = YES;
				CLANG_WARN_OBJC_ROOT_CLASS = YES_ERROR;
				CLANG_WARN_RANGE_LOOP_ANALYSIS = YES;
				CLANG_WARN_STRICT_PROTOTYPES = YES;
				CLANG_WARN_SUSPICIOUS_MOVE = YES;
				CLANG_WARN_UNGUARDED_AVAILABILITY = YES_AGGRESSIVE;
				CLANG_WARN_UNREACHABLE_CODE = YES;
				CLANG_WARN__DUPLICATE_METHOD_MATCH = YES;
				CODE_SIGN_IDENTITY = "iPhone Developer";
				COPY_PHASE_STRIP = NO;
				DEBUG_INFORMATION_FORMAT = "dwarf-with-dsym";
				ENABLE_NS_ASSERTIONS = NO;
				ENABLE_STRICT_OBJC_MSGSEND = YES;
				GCC_C_LANGUAGE_STANDARD = gnu11;
				GCC_NO_COMMON_BLOCKS = YES;
				GCC_WARN_64_TO_32_BIT_CONVERSION = YES;
				GCC_WARN_ABOUT_RETURN_TYPE = YES_ERROR;
				GCC_WARN_UNDECLARED_SELECTOR = YES;
				GCC_WARN_UNINITIALIZED_AUTOS = YES_AGGRESSIVE;
				GCC_WARN_UNUSED_FUNCTION = YES;
				GCC_WARN_UNUSED_VARIABLE = YES;
				IPHONEOS_DEPLOYMENT_TARGET = 11.0;
				MTL_ENABLE_DEBUG_INFO = NO;
				SDKROOT = iphoneos;
				SWIFT_OPTIMIZATION_LEVEL = "-Owholemodule";
				VALIDATE_PRODUCT = YES;
			};
			name = Release;
		};
		87C557FE1FB9A42700A70A10 /* Debug */ = {
			isa = XCBuildConfiguration;
			buildSettings = {
				ASSETCATALOG_COMPILER_APPICON_NAME = AppIcon;
				CODE_SIGN_STYLE = Automatic;
				INFOPLIST_FILE = SectionInfoTimeBar/Info.plist;
				LD_RUNPATH_SEARCH_PATHS = "$(inherited) @executable_path/Frameworks";
				PRODUCT_BUNDLE_IDENTIFIER = "-4110434.nguyenvanphituoc.SectionInfoTimeBar";
				PRODUCT_NAME = "$(TARGET_NAME)";
				SWIFT_VERSION = 4.0;
				TARGETED_DEVICE_FAMILY = "1,2";
			};
			name = Debug;
		};
		87C557FF1FB9A42700A70A10 /* Release */ = {
			isa = XCBuildConfiguration;
			buildSettings = {
				ASSETCATALOG_COMPILER_APPICON_NAME = AppIcon;
				CODE_SIGN_STYLE = Automatic;
				INFOPLIST_FILE = SectionInfoTimeBar/Info.plist;
				LD_RUNPATH_SEARCH_PATHS = "$(inherited) @executable_path/Frameworks";
				PRODUCT_BUNDLE_IDENTIFIER = "-4110434.nguyenvanphituoc.SectionInfoTimeBar";
				PRODUCT_NAME = "$(TARGET_NAME)";
				SWIFT_VERSION = 4.0;
				TARGETED_DEVICE_FAMILY = "1,2";
			};
			name = Release;
		};
/* End XCBuildConfiguration section */

/* Begin XCConfigurationList section */
		87C557E61FB9A42700A70A10 /* Build configuration list for PBXProject "SectionInfoTimeBar" */ = {
			isa = XCConfigurationList;
			buildConfigurations = (
				87C557FB1FB9A42700A70A10 /* Debug */,
				87C557FC1FB9A42700A70A10 /* Release */,
			);
			defaultConfigurationIsVisible = 0;
			defaultConfigurationName = Release;
		};
		87C557FD1FB9A42700A70A10 /* Build configuration list for PBXNativeTarget "SectionInfoTimeBar" */ = {
			isa = XCConfigurationList;
			buildConfigurations = (
				87C557FE1FB9A42700A70A10 /* Debug */,
				87C557FF1FB9A42700A70A10 /* Release */,
			);
			defaultConfigurationIsVisible = 0;
			defaultConfigurationName = Release;
		};
/* End XCConfigurationList section */
	};
	rootObject = 87C557E31FB9A42700A70A10 /* Project object */;
}
